// !$*UTF8*$!
{
	archiveVersion = 1;
	classes = {
	};
	objectVersion = 60;
	objects = {

/* Begin PBXBuildFile section */
		4D079C5A2AF924B200266417 /* NotificationManager.swift in Sources */ = {isa = PBXBuildFile; fileRef = 4D079C592AF924B200266417 /* NotificationManager.swift */; };
		4D18E1A82B4C4FE200FB9F65 /* RectangleButtonView.swift in Sources */ = {isa = PBXBuildFile; fileRef = 4D18E1A72B4C4FE200FB9F65 /* RectangleButtonView.swift */; };
		4D18E1AA2B4C5A0B00FB9F65 /* ScheduleLocationView.swift in Sources */ = {isa = PBXBuildFile; fileRef = 4D18E1A92B4C5A0B00FB9F65 /* ScheduleLocationView.swift */; };
		4D1B4B202ABC9EAF008C3A6B /* SettingsLabelView.swift in Sources */ = {isa = PBXBuildFile; fileRef = 4D1B4B1F2ABC9EAF008C3A6B /* SettingsLabelView.swift */; };
		4D2AC92A2ACC4C2E0033CAB2 /* TermsAndConditionsView.swift in Sources */ = {isa = PBXBuildFile; fileRef = 4D2AC9292ACC4C2E0033CAB2 /* TermsAndConditionsView.swift */; };
		4D45154B2AE9B52200E7A092 /* MailComposer in Frameworks */ = {isa = PBXBuildFile; productRef = 4D45154A2AE9B52200E7A092 /* MailComposer */; };
		4D607A6F2B34E35F00FA1183 /* ScheduleRow.swift in Sources */ = {isa = PBXBuildFile; fileRef = 4D607A6E2B34E35F00FA1183 /* ScheduleRow.swift */; };
		4D61BE1D2A9CC59600B3A442 /* EcoRecycleApp.swift in Sources */ = {isa = PBXBuildFile; fileRef = 4D61BE1C2A9CC59600B3A442 /* EcoRecycleApp.swift */; };
		4D61BE1F2A9CC59600B3A442 /* MainView.swift in Sources */ = {isa = PBXBuildFile; fileRef = 4D61BE1E2A9CC59600B3A442 /* MainView.swift */; };
		4D61BE212A9CC59900B3A442 /* Assets.xcassets in Resources */ = {isa = PBXBuildFile; fileRef = 4D61BE202A9CC59900B3A442 /* Assets.xcassets */; };
		4D61BE302A9CC82000B3A442 /* Bundle+Extensions.swift in Sources */ = {isa = PBXBuildFile; fileRef = 4D61BE2F2A9CC82000B3A442 /* Bundle+Extensions.swift */; };
		4D61BE322A9CC85900B3A442 /* DeviceModels.json in Resources */ = {isa = PBXBuildFile; fileRef = 4D61BE312A9CC85900B3A442 /* DeviceModels.json */; };
		4D61BE342A9CC87500B3A442 /* UIDevice+Extensions.swift in Sources */ = {isa = PBXBuildFile; fileRef = 4D61BE332A9CC87500B3A442 /* UIDevice+Extensions.swift */; };
		4D61BE362A9CC88500B3A442 /* JSONDecoder+Extensions.swift in Sources */ = {isa = PBXBuildFile; fileRef = 4D61BE352A9CC88500B3A442 /* JSONDecoder+Extensions.swift */; };
		4D61BE382A9CC89500B3A442 /* Array+Extensions.swift in Sources */ = {isa = PBXBuildFile; fileRef = 4D61BE372A9CC89500B3A442 /* Array+Extensions.swift */; };
		4D61BE3A2A9CC8CA00B3A442 /* Dictionary+Extensions.swift in Sources */ = {isa = PBXBuildFile; fileRef = 4D61BE392A9CC8CA00B3A442 /* Dictionary+Extensions.swift */; };
		4D61BE3F2A9CD1A200B3A442 /* FileManager+Extensions.swift in Sources */ = {isa = PBXBuildFile; fileRef = 4D61BE3E2A9CD1A200B3A442 /* FileManager+Extensions.swift */; };
		4D61BE412A9CD27A00B3A442 /* SettingsView.swift in Sources */ = {isa = PBXBuildFile; fileRef = 4D61BE402A9CD27A00B3A442 /* SettingsView.swift */; };
		4D61BE432A9CD37C00B3A442 /* ScheduleView.swift in Sources */ = {isa = PBXBuildFile; fileRef = 4D61BE422A9CD37C00B3A442 /* ScheduleView.swift */; };
		4D61BE452A9CD39300B3A442 /* QuizView.swift in Sources */ = {isa = PBXBuildFile; fileRef = 4D61BE442A9CD39300B3A442 /* QuizView.swift */; };
		4D61BE472A9CD3A400B3A442 /* MapView.swift in Sources */ = {isa = PBXBuildFile; fileRef = 4D61BE462A9CD3A400B3A442 /* MapView.swift */; };
		4D61BE492A9CD3B300B3A442 /* NotificationView.swift in Sources */ = {isa = PBXBuildFile; fileRef = 4D61BE482A9CD3B300B3A442 /* NotificationView.swift */; };
		4D6605182B46BEC400C5E9AC /* CircleButtonView.swift in Sources */ = {isa = PBXBuildFile; fileRef = 4D6605172B46BEC400C5E9AC /* CircleButtonView.swift */; };
		4D66051A2B46C28C00C5E9AC /* Color+Extensions.swift in Sources */ = {isa = PBXBuildFile; fileRef = 4D6605192B46C28C00C5E9AC /* Color+Extensions.swift */; };
		4D66051C2B46C76B00C5E9AC /* ScheduleInfoView.swift in Sources */ = {isa = PBXBuildFile; fileRef = 4D66051B2B46C76B00C5E9AC /* ScheduleInfoView.swift */; };
		4D66051F2B46C94C00C5E9AC /* SwiftDate in Frameworks */ = {isa = PBXBuildFile; productRef = 4D66051E2B46C94C00C5E9AC /* SwiftDate */; };
		4D6850CF2B0D36F000A2BEA9 /* LocationPreviewView.swift in Sources */ = {isa = PBXBuildFile; fileRef = 4D6850CE2B0D36F000A2BEA9 /* LocationPreviewView.swift */; };
		4D6850D12B0D55C300A2BEA9 /* LocationMarkerView.swift in Sources */ = {isa = PBXBuildFile; fileRef = 4D6850D02B0D55C300A2BEA9 /* LocationMarkerView.swift */; };
		4D6850D32B0D761A00A2BEA9 /* LocationInfoView.swift in Sources */ = {isa = PBXBuildFile; fileRef = 4D6850D22B0D761A00A2BEA9 /* LocationInfoView.swift */; };
		4D85BA892B1420D00092E2D5 /* QuizViewModel.swift in Sources */ = {isa = PBXBuildFile; fileRef = 4D85BA882B1420D00092E2D5 /* QuizViewModel.swift */; };
		4DA949F22AF1333B00DDC5FD /* RatingView.swift in Sources */ = {isa = PBXBuildFile; fileRef = 4DA949F12AF1333A00DDC5FD /* RatingView.swift */; };
		4DAAB2982B14EA7C009D4402 /* GoogleService-Info.plist in Resources */ = {isa = PBXBuildFile; fileRef = 4DAAB2972B14EA7C009D4402 /* GoogleService-Info.plist */; };
		4DAAB29B2B14F366009D4402 /* FirebaseAnalytics in Frameworks */ = {isa = PBXBuildFile; productRef = 4DAAB29A2B14F366009D4402 /* FirebaseAnalytics */; };
		4DAAB29D2B14F366009D4402 /* FirebaseAnalyticsOnDeviceConversion in Frameworks */ = {isa = PBXBuildFile; productRef = 4DAAB29C2B14F366009D4402 /* FirebaseAnalyticsOnDeviceConversion */; };
		4DAAB29F2B14F366009D4402 /* FirebaseAnalyticsSwift in Frameworks */ = {isa = PBXBuildFile; productRef = 4DAAB29E2B14F366009D4402 /* FirebaseAnalyticsSwift */; };
		4DAAB2A12B14F366009D4402 /* FirebaseAnalyticsWithoutAdIdSupport in Frameworks */ = {isa = PBXBuildFile; productRef = 4DAAB2A02B14F366009D4402 /* FirebaseAnalyticsWithoutAdIdSupport */; };
		4DAAB2A32B14F366009D4402 /* FirebaseAppCheck in Frameworks */ = {isa = PBXBuildFile; productRef = 4DAAB2A22B14F366009D4402 /* FirebaseAppCheck */; };
		4DAAB2A52B14F366009D4402 /* FirebaseAppDistribution-Beta in Frameworks */ = {isa = PBXBuildFile; productRef = 4DAAB2A42B14F366009D4402 /* FirebaseAppDistribution-Beta */; };
		4DAAB2A72B14F366009D4402 /* FirebaseAuth in Frameworks */ = {isa = PBXBuildFile; productRef = 4DAAB2A62B14F366009D4402 /* FirebaseAuth */; };
		4DAAB2A92B14F366009D4402 /* FirebaseAuthCombine-Community in Frameworks */ = {isa = PBXBuildFile; productRef = 4DAAB2A82B14F366009D4402 /* FirebaseAuthCombine-Community */; };
		4DAAB2AB2B14F366009D4402 /* FirebaseCrashlytics in Frameworks */ = {isa = PBXBuildFile; productRef = 4DAAB2AA2B14F366009D4402 /* FirebaseCrashlytics */; };
		4DAAB2AD2B14F366009D4402 /* FirebaseDatabase in Frameworks */ = {isa = PBXBuildFile; productRef = 4DAAB2AC2B14F366009D4402 /* FirebaseDatabase */; };
		4DAAB2AF2B14F366009D4402 /* FirebaseDatabaseSwift in Frameworks */ = {isa = PBXBuildFile; productRef = 4DAAB2AE2B14F366009D4402 /* FirebaseDatabaseSwift */; };
		4DAAB2B12B14F366009D4402 /* FirebaseDynamicLinks in Frameworks */ = {isa = PBXBuildFile; productRef = 4DAAB2B02B14F366009D4402 /* FirebaseDynamicLinks */; };
		4DAAB2B32B14F366009D4402 /* FirebaseFirestore in Frameworks */ = {isa = PBXBuildFile; productRef = 4DAAB2B22B14F366009D4402 /* FirebaseFirestore */; };
		4DAAB2B52B14F366009D4402 /* FirebaseFirestoreCombine-Community in Frameworks */ = {isa = PBXBuildFile; productRef = 4DAAB2B42B14F366009D4402 /* FirebaseFirestoreCombine-Community */; };
		4DAAB2B72B14F366009D4402 /* FirebaseFirestoreSwift in Frameworks */ = {isa = PBXBuildFile; productRef = 4DAAB2B62B14F366009D4402 /* FirebaseFirestoreSwift */; };
		4DAAB2B92B14F366009D4402 /* FirebaseFunctions in Frameworks */ = {isa = PBXBuildFile; productRef = 4DAAB2B82B14F366009D4402 /* FirebaseFunctions */; };
		4DAAB2BB2B14F366009D4402 /* FirebaseFunctionsCombine-Community in Frameworks */ = {isa = PBXBuildFile; productRef = 4DAAB2BA2B14F366009D4402 /* FirebaseFunctionsCombine-Community */; };
		4DAAB2BD2B14F366009D4402 /* FirebaseInAppMessaging-Beta in Frameworks */ = {isa = PBXBuildFile; productRef = 4DAAB2BC2B14F366009D4402 /* FirebaseInAppMessaging-Beta */; };
		4DAAB2BF2B14F366009D4402 /* FirebaseInAppMessagingSwift-Beta in Frameworks */ = {isa = PBXBuildFile; productRef = 4DAAB2BE2B14F366009D4402 /* FirebaseInAppMessagingSwift-Beta */; };
		4DAAB2C12B14F366009D4402 /* FirebaseInstallations in Frameworks */ = {isa = PBXBuildFile; productRef = 4DAAB2C02B14F366009D4402 /* FirebaseInstallations */; };
		4DAAB2C32B14F366009D4402 /* FirebaseMLModelDownloader in Frameworks */ = {isa = PBXBuildFile; productRef = 4DAAB2C22B14F366009D4402 /* FirebaseMLModelDownloader */; };
		4DAAB2C52B14F366009D4402 /* FirebaseMessaging in Frameworks */ = {isa = PBXBuildFile; productRef = 4DAAB2C42B14F366009D4402 /* FirebaseMessaging */; };
		4DAAB2C72B14F366009D4402 /* FirebasePerformance in Frameworks */ = {isa = PBXBuildFile; productRef = 4DAAB2C62B14F366009D4402 /* FirebasePerformance */; };
		4DAAB2C92B14F366009D4402 /* FirebaseRemoteConfig in Frameworks */ = {isa = PBXBuildFile; productRef = 4DAAB2C82B14F366009D4402 /* FirebaseRemoteConfig */; };
		4DAAB2CB2B14F366009D4402 /* FirebaseRemoteConfigSwift in Frameworks */ = {isa = PBXBuildFile; productRef = 4DAAB2CA2B14F366009D4402 /* FirebaseRemoteConfigSwift */; };
		4DAAB2CD2B14F366009D4402 /* FirebaseStorage in Frameworks */ = {isa = PBXBuildFile; productRef = 4DAAB2CC2B14F366009D4402 /* FirebaseStorage */; };
		4DAAB2CF2B14F366009D4402 /* FirebaseStorageCombine-Community in Frameworks */ = {isa = PBXBuildFile; productRef = 4DAAB2CE2B14F366009D4402 /* FirebaseStorageCombine-Community */; };
		4DAAB2D12B14F452009D4402 /* Info.swift in Sources */ = {isa = PBXBuildFile; fileRef = 4DAAB2D02B14F452009D4402 /* Info.swift */; };
		4DAAB2D32B14F4AD009D4402 /* Question.swift in Sources */ = {isa = PBXBuildFile; fileRef = 4DAAB2D22B14F4AD009D4402 /* Question.swift */; };
		4DAAB2D52B151456009D4402 /* Text+Extensions.swift in Sources */ = {isa = PBXBuildFile; fileRef = 4DAAB2D42B151456009D4402 /* Text+Extensions.swift */; };
		4DB180B62B51898A00C5E70B /* ScheduleWasteInfoView.swift in Sources */ = {isa = PBXBuildFile; fileRef = 4DB180B52B51898A00C5E70B /* ScheduleWasteInfoView.swift */; };
		4DB180B82B5189DC00C5E70B /* WasteInfo.swift in Sources */ = {isa = PBXBuildFile; fileRef = 4DB180B72B5189DC00C5E70B /* WasteInfo.swift */; };
		4DB45DB32B1521400022C8AA /* QuestionView.swift in Sources */ = {isa = PBXBuildFile; fileRef = 4DB45DB22B1521400022C8AA /* QuestionView.swift */; };
		4DB45DB62B1542090022C8AA /* CustomButton.swift in Sources */ = {isa = PBXBuildFile; fileRef = 4DB45DB52B1542090022C8AA /* CustomButton.swift */; };
		4DB45DB82B17887B0022C8AA /* ScoreView.swift in Sources */ = {isa = PBXBuildFile; fileRef = 4DB45DB72B17887B0022C8AA /* ScoreView.swift */; };
		4DCA29762B4F0414006D537A /* CustomBackButtonView.swift in Sources */ = {isa = PBXBuildFile; fileRef = 4DCA29752B4F0414006D537A /* CustomBackButtonView.swift */; };
		4DCCDFEC2AC730C7009EE803 /* PrivacyPolicyView.swift in Sources */ = {isa = PBXBuildFile; fileRef = 4DCCDFEB2AC730C7009EE803 /* PrivacyPolicyView.swift */; };
		4DCDDFB12B0FCA6400255FDD /* LocationSearchView.swift in Sources */ = {isa = PBXBuildFile; fileRef = 4DCDDFB02B0FCA6400255FDD /* LocationSearchView.swift */; };
		4DDBBB252AB35EB50041E630 /* SettingsViewModel.swift in Sources */ = {isa = PBXBuildFile; fileRef = 4DDBBB242AB35EB50041E630 /* SettingsViewModel.swift */; };
		4DE935282B2B43770062277E /* Schedule.swift in Sources */ = {isa = PBXBuildFile; fileRef = 4DE935272B2B43770062277E /* Schedule.swift */; };
		4DE9352A2B2B43850062277E /* ScheduleViewModel.swift in Sources */ = {isa = PBXBuildFile; fileRef = 4DE935292B2B43850062277E /* ScheduleViewModel.swift */; };
		4DEE2F762B1A8BA600C50BAC /* Trash.swift in Sources */ = {isa = PBXBuildFile; fileRef = 4DEE2F752B1A8BA600C50BAC /* Trash.swift */; };
		4DEE2F7A2B1A8C3800C50BAC /* DictionaryView.swift in Sources */ = {isa = PBXBuildFile; fileRef = 4DEE2F792B1A8C3800C50BAC /* DictionaryView.swift */; };
		4DF5DD3A2B025EEA000D1F01 /* Location.swift in Sources */ = {isa = PBXBuildFile; fileRef = 4DF5DD392B025EEA000D1F01 /* Location.swift */; };
		4DF5DD3C2B025F1C000D1F01 /* MapsViewModel.swift in Sources */ = {isa = PBXBuildFile; fileRef = 4DF5DD3B2B025F1C000D1F01 /* MapsViewModel.swift */; };
		4DF5DD3E2B0260E8000D1F01 /* PSZOK_Locations.json in Resources */ = {isa = PBXBuildFile; fileRef = 4DF5DD3D2B0260E8000D1F01 /* PSZOK_Locations.json */; };
		4DF765C92B3CACDD00C16FE6 /* LaunchScreen.storyboard in Resources */ = {isa = PBXBuildFile; fileRef = 4DF765C82B3CACDD00C16FE6 /* LaunchScreen.storyboard */; };
		4DF811CE2B3072B900D41448 /* ScheduleData.json in Resources */ = {isa = PBXBuildFile; fileRef = 4DF811CD2B3072B900D41448 /* ScheduleData.json */; };
		4DFA6C382B1951A700C7F9F9 /* HapticManager.swift in Sources */ = {isa = PBXBuildFile; fileRef = 4DFA6C372B1951A700C7F9F9 /* HapticManager.swift */; };
		E446B9D8C135068907676CDA /* Pods_EcoRecycle.framework in Frameworks */ = {isa = PBXBuildFile; fileRef = 67E2B0417D89E3F83936B09B /* Pods_EcoRecycle.framework */; };
/* End PBXBuildFile section */

/* Begin PBXFileReference section */
		3BFA2551DCD64F7357B56657 /* Pods-EcoRecycle.release.xcconfig */ = {isa = PBXFileReference; includeInIndex = 1; lastKnownFileType = text.xcconfig; name = "Pods-EcoRecycle.release.xcconfig"; path = "Target Support Files/Pods-EcoRecycle/Pods-EcoRecycle.release.xcconfig"; sourceTree = "<group>"; };
		3FBC01297B3FE48726DC6D08 /* Pods-EcoRecycle.debug.xcconfig */ = {isa = PBXFileReference; includeInIndex = 1; lastKnownFileType = text.xcconfig; name = "Pods-EcoRecycle.debug.xcconfig"; path = "Target Support Files/Pods-EcoRecycle/Pods-EcoRecycle.debug.xcconfig"; sourceTree = "<group>"; };
		4D079C592AF924B200266417 /* NotificationManager.swift */ = {isa = PBXFileReference; lastKnownFileType = sourcecode.swift; path = NotificationManager.swift; sourceTree = "<group>"; };
		4D18E1A72B4C4FE200FB9F65 /* RectangleButtonView.swift */ = {isa = PBXFileReference; lastKnownFileType = sourcecode.swift; path = RectangleButtonView.swift; sourceTree = "<group>"; };
		4D18E1A92B4C5A0B00FB9F65 /* ScheduleLocationView.swift */ = {isa = PBXFileReference; lastKnownFileType = sourcecode.swift; path = ScheduleLocationView.swift; sourceTree = "<group>"; };
		4D1B4B1F2ABC9EAF008C3A6B /* SettingsLabelView.swift */ = {isa = PBXFileReference; lastKnownFileType = sourcecode.swift; path = SettingsLabelView.swift; sourceTree = "<group>"; };
		4D2AC9292ACC4C2E0033CAB2 /* TermsAndConditionsView.swift */ = {isa = PBXFileReference; lastKnownFileType = sourcecode.swift; path = TermsAndConditionsView.swift; sourceTree = "<group>"; };
		4D607A6E2B34E35F00FA1183 /* ScheduleRow.swift */ = {isa = PBXFileReference; lastKnownFileType = sourcecode.swift; path = ScheduleRow.swift; sourceTree = "<group>"; };
		4D61BE192A9CC59600B3A442 /* EcoRecycle.app */ = {isa = PBXFileReference; explicitFileType = wrapper.application; includeInIndex = 0; path = EcoRecycle.app; sourceTree = BUILT_PRODUCTS_DIR; };
		4D61BE1C2A9CC59600B3A442 /* EcoRecycleApp.swift */ = {isa = PBXFileReference; lastKnownFileType = sourcecode.swift; path = EcoRecycleApp.swift; sourceTree = "<group>"; };
		4D61BE1E2A9CC59600B3A442 /* MainView.swift */ = {isa = PBXFileReference; lastKnownFileType = sourcecode.swift; path = MainView.swift; sourceTree = "<group>"; };
		4D61BE202A9CC59900B3A442 /* Assets.xcassets */ = {isa = PBXFileReference; lastKnownFileType = folder.assetcatalog; path = Assets.xcassets; sourceTree = "<group>"; };
		4D61BE2F2A9CC82000B3A442 /* Bundle+Extensions.swift */ = {isa = PBXFileReference; lastKnownFileType = sourcecode.swift; path = "Bundle+Extensions.swift"; sourceTree = "<group>"; };
		4D61BE312A9CC85900B3A442 /* DeviceModels.json */ = {isa = PBXFileReference; fileEncoding = 4; lastKnownFileType = text.json; path = DeviceModels.json; sourceTree = "<group>"; };
		4D61BE332A9CC87500B3A442 /* UIDevice+Extensions.swift */ = {isa = PBXFileReference; lastKnownFileType = sourcecode.swift; path = "UIDevice+Extensions.swift"; sourceTree = "<group>"; };
		4D61BE352A9CC88500B3A442 /* JSONDecoder+Extensions.swift */ = {isa = PBXFileReference; lastKnownFileType = sourcecode.swift; path = "JSONDecoder+Extensions.swift"; sourceTree = "<group>"; };
		4D61BE372A9CC89500B3A442 /* Array+Extensions.swift */ = {isa = PBXFileReference; lastKnownFileType = sourcecode.swift; path = "Array+Extensions.swift"; sourceTree = "<group>"; };
		4D61BE392A9CC8CA00B3A442 /* Dictionary+Extensions.swift */ = {isa = PBXFileReference; lastKnownFileType = sourcecode.swift; path = "Dictionary+Extensions.swift"; sourceTree = "<group>"; };
		4D61BE3E2A9CD1A200B3A442 /* FileManager+Extensions.swift */ = {isa = PBXFileReference; lastKnownFileType = sourcecode.swift; path = "FileManager+Extensions.swift"; sourceTree = "<group>"; };
		4D61BE402A9CD27A00B3A442 /* SettingsView.swift */ = {isa = PBXFileReference; lastKnownFileType = sourcecode.swift; path = SettingsView.swift; sourceTree = "<group>"; };
		4D61BE422A9CD37C00B3A442 /* ScheduleView.swift */ = {isa = PBXFileReference; lastKnownFileType = sourcecode.swift; path = ScheduleView.swift; sourceTree = "<group>"; };
		4D61BE442A9CD39300B3A442 /* QuizView.swift */ = {isa = PBXFileReference; lastKnownFileType = sourcecode.swift; path = QuizView.swift; sourceTree = "<group>"; };
		4D61BE462A9CD3A400B3A442 /* MapView.swift */ = {isa = PBXFileReference; lastKnownFileType = sourcecode.swift; path = MapView.swift; sourceTree = "<group>"; };
		4D61BE482A9CD3B300B3A442 /* NotificationView.swift */ = {isa = PBXFileReference; lastKnownFileType = sourcecode.swift; path = NotificationView.swift; sourceTree = "<group>"; };
		4D6605172B46BEC400C5E9AC /* CircleButtonView.swift */ = {isa = PBXFileReference; lastKnownFileType = sourcecode.swift; path = CircleButtonView.swift; sourceTree = "<group>"; };
		4D6605192B46C28C00C5E9AC /* Color+Extensions.swift */ = {isa = PBXFileReference; lastKnownFileType = sourcecode.swift; path = "Color+Extensions.swift"; sourceTree = "<group>"; };
		4D66051B2B46C76B00C5E9AC /* ScheduleInfoView.swift */ = {isa = PBXFileReference; lastKnownFileType = sourcecode.swift; path = ScheduleInfoView.swift; sourceTree = "<group>"; };
		4D6850CE2B0D36F000A2BEA9 /* LocationPreviewView.swift */ = {isa = PBXFileReference; lastKnownFileType = sourcecode.swift; path = LocationPreviewView.swift; sourceTree = "<group>"; };
		4D6850D02B0D55C300A2BEA9 /* LocationMarkerView.swift */ = {isa = PBXFileReference; lastKnownFileType = sourcecode.swift; path = LocationMarkerView.swift; sourceTree = "<group>"; };
		4D6850D22B0D761A00A2BEA9 /* LocationInfoView.swift */ = {isa = PBXFileReference; lastKnownFileType = sourcecode.swift; path = LocationInfoView.swift; sourceTree = "<group>"; };
		4D85BA882B1420D00092E2D5 /* QuizViewModel.swift */ = {isa = PBXFileReference; lastKnownFileType = sourcecode.swift; path = QuizViewModel.swift; sourceTree = "<group>"; };
		4DA949F12AF1333A00DDC5FD /* RatingView.swift */ = {isa = PBXFileReference; lastKnownFileType = sourcecode.swift; path = RatingView.swift; sourceTree = "<group>"; };
		4DAAB2972B14EA7C009D4402 /* GoogleService-Info.plist */ = {isa = PBXFileReference; fileEncoding = 4; lastKnownFileType = text.plist.xml; path = "GoogleService-Info.plist"; sourceTree = "<group>"; };
		4DAAB2D02B14F452009D4402 /* Info.swift */ = {isa = PBXFileReference; lastKnownFileType = sourcecode.swift; path = Info.swift; sourceTree = "<group>"; };
		4DAAB2D22B14F4AD009D4402 /* Question.swift */ = {isa = PBXFileReference; lastKnownFileType = sourcecode.swift; path = Question.swift; sourceTree = "<group>"; };
		4DAAB2D42B151456009D4402 /* Text+Extensions.swift */ = {isa = PBXFileReference; lastKnownFileType = sourcecode.swift; path = "Text+Extensions.swift"; sourceTree = "<group>"; };
		4DB180B52B51898A00C5E70B /* ScheduleWasteInfoView.swift */ = {isa = PBXFileReference; lastKnownFileType = sourcecode.swift; path = ScheduleWasteInfoView.swift; sourceTree = "<group>"; };
		4DB180B72B5189DC00C5E70B /* WasteInfo.swift */ = {isa = PBXFileReference; lastKnownFileType = sourcecode.swift; path = WasteInfo.swift; sourceTree = "<group>"; };
		4DB45DB22B1521400022C8AA /* QuestionView.swift */ = {isa = PBXFileReference; lastKnownFileType = sourcecode.swift; path = QuestionView.swift; sourceTree = "<group>"; };
		4DB45DB52B1542090022C8AA /* CustomButton.swift */ = {isa = PBXFileReference; lastKnownFileType = sourcecode.swift; path = CustomButton.swift; sourceTree = "<group>"; };
		4DB45DB72B17887B0022C8AA /* ScoreView.swift */ = {isa = PBXFileReference; lastKnownFileType = sourcecode.swift; path = ScoreView.swift; sourceTree = "<group>"; };
		4DCA29752B4F0414006D537A /* CustomBackButtonView.swift */ = {isa = PBXFileReference; lastKnownFileType = sourcecode.swift; path = CustomBackButtonView.swift; sourceTree = "<group>"; };
		4DCCDFEB2AC730C7009EE803 /* PrivacyPolicyView.swift */ = {isa = PBXFileReference; lastKnownFileType = sourcecode.swift; path = PrivacyPolicyView.swift; sourceTree = "<group>"; };
		4DCDDFB02B0FCA6400255FDD /* LocationSearchView.swift */ = {isa = PBXFileReference; lastKnownFileType = sourcecode.swift; path = LocationSearchView.swift; sourceTree = "<group>"; };
		4DDBBB242AB35EB50041E630 /* SettingsViewModel.swift */ = {isa = PBXFileReference; lastKnownFileType = sourcecode.swift; path = SettingsViewModel.swift; sourceTree = "<group>"; };
		4DE935272B2B43770062277E /* Schedule.swift */ = {isa = PBXFileReference; lastKnownFileType = sourcecode.swift; path = Schedule.swift; sourceTree = "<group>"; };
		4DE935292B2B43850062277E /* ScheduleViewModel.swift */ = {isa = PBXFileReference; lastKnownFileType = sourcecode.swift; path = ScheduleViewModel.swift; sourceTree = "<group>"; };
		4DEE2F752B1A8BA600C50BAC /* Trash.swift */ = {isa = PBXFileReference; lastKnownFileType = sourcecode.swift; path = Trash.swift; sourceTree = "<group>"; };
		4DEE2F792B1A8C3800C50BAC /* DictionaryView.swift */ = {isa = PBXFileReference; lastKnownFileType = sourcecode.swift; path = DictionaryView.swift; sourceTree = "<group>"; };
		4DF5DD392B025EEA000D1F01 /* Location.swift */ = {isa = PBXFileReference; lastKnownFileType = sourcecode.swift; path = Location.swift; sourceTree = "<group>"; };
		4DF5DD3B2B025F1C000D1F01 /* MapsViewModel.swift */ = {isa = PBXFileReference; lastKnownFileType = sourcecode.swift; path = MapsViewModel.swift; sourceTree = "<group>"; };
		4DF5DD3D2B0260E8000D1F01 /* PSZOK_Locations.json */ = {isa = PBXFileReference; fileEncoding = 4; lastKnownFileType = text.json; path = PSZOK_Locations.json; sourceTree = "<group>"; };
		4DF765C82B3CACDD00C16FE6 /* LaunchScreen.storyboard */ = {isa = PBXFileReference; lastKnownFileType = file.storyboard; path = LaunchScreen.storyboard; sourceTree = "<group>"; };
		4DF811CD2B3072B900D41448 /* ScheduleData.json */ = {isa = PBXFileReference; lastKnownFileType = text.json; path = ScheduleData.json; sourceTree = "<group>"; };
		4DFA6C372B1951A700C7F9F9 /* HapticManager.swift */ = {isa = PBXFileReference; lastKnownFileType = sourcecode.swift; path = HapticManager.swift; sourceTree = "<group>"; };
		67E2B0417D89E3F83936B09B /* Pods_EcoRecycle.framework */ = {isa = PBXFileReference; explicitFileType = wrapper.framework; includeInIndex = 0; path = Pods_EcoRecycle.framework; sourceTree = BUILT_PRODUCTS_DIR; };
/* End PBXFileReference section */

/* Begin PBXFrameworksBuildPhase section */
		4D61BE162A9CC59600B3A442 /* Frameworks */ = {
			isa = PBXFrameworksBuildPhase;
			buildActionMask = 2147483647;
			files = (
				4DAAB2B92B14F366009D4402 /* FirebaseFunctions in Frameworks */,
				4DAAB2AF2B14F366009D4402 /* FirebaseDatabaseSwift in Frameworks */,
				4DAAB2BF2B14F366009D4402 /* FirebaseInAppMessagingSwift-Beta in Frameworks */,
				4DAAB2C52B14F366009D4402 /* FirebaseMessaging in Frameworks */,
				4DAAB2A52B14F366009D4402 /* FirebaseAppDistribution-Beta in Frameworks */,
				4DAAB2A92B14F366009D4402 /* FirebaseAuthCombine-Community in Frameworks */,
				4DAAB2B52B14F366009D4402 /* FirebaseFirestoreCombine-Community in Frameworks */,
				4DAAB29F2B14F366009D4402 /* FirebaseAnalyticsSwift in Frameworks */,
				4DAAB2C32B14F366009D4402 /* FirebaseMLModelDownloader in Frameworks */,
				4DAAB2A12B14F366009D4402 /* FirebaseAnalyticsWithoutAdIdSupport in Frameworks */,
				4DAAB29B2B14F366009D4402 /* FirebaseAnalytics in Frameworks */,
				4DAAB2B72B14F366009D4402 /* FirebaseFirestoreSwift in Frameworks */,
				4DAAB29D2B14F366009D4402 /* FirebaseAnalyticsOnDeviceConversion in Frameworks */,
				4DAAB2A32B14F366009D4402 /* FirebaseAppCheck in Frameworks */,
				4DAAB2C72B14F366009D4402 /* FirebasePerformance in Frameworks */,
				4DAAB2BD2B14F366009D4402 /* FirebaseInAppMessaging-Beta in Frameworks */,
				4DAAB2BB2B14F366009D4402 /* FirebaseFunctionsCombine-Community in Frameworks */,
				4DAAB2AB2B14F366009D4402 /* FirebaseCrashlytics in Frameworks */,
				4DAAB2C12B14F366009D4402 /* FirebaseInstallations in Frameworks */,
				4DAAB2C92B14F366009D4402 /* FirebaseRemoteConfig in Frameworks */,
				4DAAB2CD2B14F366009D4402 /* FirebaseStorage in Frameworks */,
				4DAAB2AD2B14F366009D4402 /* FirebaseDatabase in Frameworks */,
				4DAAB2CF2B14F366009D4402 /* FirebaseStorageCombine-Community in Frameworks */,
				4D45154B2AE9B52200E7A092 /* MailComposer in Frameworks */,
				4DAAB2A72B14F366009D4402 /* FirebaseAuth in Frameworks */,
				4DAAB2B12B14F366009D4402 /* FirebaseDynamicLinks in Frameworks */,
				4D66051F2B46C94C00C5E9AC /* SwiftDate in Frameworks */,
				4DAAB2B32B14F366009D4402 /* FirebaseFirestore in Frameworks */,
				4DAAB2CB2B14F366009D4402 /* FirebaseRemoteConfigSwift in Frameworks */,
				E446B9D8C135068907676CDA /* Pods_EcoRecycle.framework in Frameworks */,
			);
			runOnlyForDeploymentPostprocessing = 0;
		};
/* End PBXFrameworksBuildPhase section */

/* Begin PBXGroup section */
		4D61BE102A9CC59600B3A442 = {
			isa = PBXGroup;
			children = (
				4D61BE1B2A9CC59600B3A442 /* EcoRecycle */,
				4D61BE1A2A9CC59600B3A442 /* Products */,
				A6B45B1C7E00F3E50EE9F275 /* Pods */,
				DC29752BF948382D74B59A8C /* Frameworks */,
			);
			sourceTree = "<group>";
		};
		4D61BE1A2A9CC59600B3A442 /* Products */ = {
			isa = PBXGroup;
			children = (
				4D61BE192A9CC59600B3A442 /* EcoRecycle.app */,
			);
			name = Products;
			sourceTree = "<group>";
		};
		4D61BE1B2A9CC59600B3A442 /* EcoRecycle */ = {
			isa = PBXGroup;
			children = (
				4D61BE2A2A9CC71B00B3A442 /* App */,
				4DB45DB42B1541DF0022C8AA /* Components */,
				4D61BE3D2A9CCD9100B3A442 /* Models */,
				4D61BE2B2A9CC73200B3A442 /* Views */,
				4D61BE3B2A9CCD6500B3A442 /* ViewModels */,
				4D61BE2D2A9CC75600B3A442 /* Utilities */,
				4D61BE202A9CC59900B3A442 /* Assets.xcassets */,
				4DAAB2972B14EA7C009D4402 /* GoogleService-Info.plist */,
			);
			path = EcoRecycle;
			sourceTree = "<group>";
		};
		4D61BE2A2A9CC71B00B3A442 /* App */ = {
			isa = PBXGroup;
			children = (
				4D61BE1C2A9CC59600B3A442 /* EcoRecycleApp.swift */,
			);
			path = App;
			sourceTree = "<group>";
		};
		4D61BE2B2A9CC73200B3A442 /* Views */ = {
			isa = PBXGroup;
			children = (
				4D61BE1E2A9CC59600B3A442 /* MainView.swift */,
				4DF765C82B3CACDD00C16FE6 /* LaunchScreen.storyboard */,
				4DDBBB1F2AB358F00041E630 /* Maps */,
				4DDBBB202AB359030041E630 /* Notifications */,
				4DDBBB212AB359200041E630 /* Schedules */,
				4DDBBB1E2AB358CC0041E630 /* Settings */,
				4DDBBB222AB3592D0041E630 /* Quiz */,
			);
			path = Views;
			sourceTree = "<group>";
		};
		4D61BE2D2A9CC75600B3A442 /* Utilities */ = {
			isa = PBXGroup;
			children = (
				4D61BE2E2A9CC7F200B3A442 /* Resources */,
				4D61BE372A9CC89500B3A442 /* Array+Extensions.swift */,
				4D61BE2F2A9CC82000B3A442 /* Bundle+Extensions.swift */,
				4D6605192B46C28C00C5E9AC /* Color+Extensions.swift */,
				4D61BE392A9CC8CA00B3A442 /* Dictionary+Extensions.swift */,
				4D61BE3E2A9CD1A200B3A442 /* FileManager+Extensions.swift */,
				4D61BE352A9CC88500B3A442 /* JSONDecoder+Extensions.swift */,
				4D61BE332A9CC87500B3A442 /* UIDevice+Extensions.swift */,
				4DAAB2D42B151456009D4402 /* Text+Extensions.swift */,
			);
			path = Utilities;
			sourceTree = "<group>";
		};
		4D61BE2E2A9CC7F200B3A442 /* Resources */ = {
			isa = PBXGroup;
			children = (
				4DF5DD3D2B0260E8000D1F01 /* PSZOK_Locations.json */,
				4D61BE312A9CC85900B3A442 /* DeviceModels.json */,
				4DF811CD2B3072B900D41448 /* ScheduleData.json */,
			);
			path = Resources;
			sourceTree = "<group>";
		};
		4D61BE3B2A9CCD6500B3A442 /* ViewModels */ = {
			isa = PBXGroup;
			children = (
				4DDBBB242AB35EB50041E630 /* SettingsViewModel.swift */,
				4DF5DD3B2B025F1C000D1F01 /* MapsViewModel.swift */,
				4D85BA882B1420D00092E2D5 /* QuizViewModel.swift */,
				4DE935292B2B43850062277E /* ScheduleViewModel.swift */,
			);
			path = ViewModels;
			sourceTree = "<group>";
		};
		4D61BE3D2A9CCD9100B3A442 /* Models */ = {
			isa = PBXGroup;
			children = (
				4DF5DD392B025EEA000D1F01 /* Location.swift */,
				4DAAB2D02B14F452009D4402 /* Info.swift */,
				4DAAB2D22B14F4AD009D4402 /* Question.swift */,
				4DEE2F752B1A8BA600C50BAC /* Trash.swift */,
				4DE935272B2B43770062277E /* Schedule.swift */,
				4DB180B72B5189DC00C5E70B /* WasteInfo.swift */,
			);
			path = Models;
			sourceTree = "<group>";
		};
		4DB45DB42B1541DF0022C8AA /* Components */ = {
			isa = PBXGroup;
			children = (
				4D1B4B1F2ABC9EAF008C3A6B /* SettingsLabelView.swift */,
				4DB45DB52B1542090022C8AA /* CustomButton.swift */,
				4DFA6C372B1951A700C7F9F9 /* HapticManager.swift */,
				4D6605172B46BEC400C5E9AC /* CircleButtonView.swift */,
				4D18E1A72B4C4FE200FB9F65 /* RectangleButtonView.swift */,
				4DCA29752B4F0414006D537A /* CustomBackButtonView.swift */,
			);
			path = Components;
			sourceTree = "<group>";
		};
		4DDBBB1E2AB358CC0041E630 /* Settings */ = {
			isa = PBXGroup;
			children = (
				4D61BE402A9CD27A00B3A442 /* SettingsView.swift */,
				4D2AC9292ACC4C2E0033CAB2 /* TermsAndConditionsView.swift */,
				4DCCDFEB2AC730C7009EE803 /* PrivacyPolicyView.swift */,
				4DA949F12AF1333A00DDC5FD /* RatingView.swift */,
			);
			path = Settings;
			sourceTree = "<group>";
		};
		4DDBBB1F2AB358F00041E630 /* Maps */ = {
			isa = PBXGroup;
			children = (
				4D61BE462A9CD3A400B3A442 /* MapView.swift */,
				4D6850CE2B0D36F000A2BEA9 /* LocationPreviewView.swift */,
				4D6850D02B0D55C300A2BEA9 /* LocationMarkerView.swift */,
				4D6850D22B0D761A00A2BEA9 /* LocationInfoView.swift */,
				4DCDDFB02B0FCA6400255FDD /* LocationSearchView.swift */,
			);
			path = Maps;
			sourceTree = "<group>";
		};
		4DDBBB202AB359030041E630 /* Notifications */ = {
			isa = PBXGroup;
			children = (
				4D61BE482A9CD3B300B3A442 /* NotificationView.swift */,
				4D079C592AF924B200266417 /* NotificationManager.swift */,
			);
			path = Notifications;
			sourceTree = "<group>";
		};
		4DDBBB212AB359200041E630 /* Schedules */ = {
			isa = PBXGroup;
			children = (
				4D61BE422A9CD37C00B3A442 /* ScheduleView.swift */,
				4D607A6E2B34E35F00FA1183 /* ScheduleRow.swift */,
				4D66051B2B46C76B00C5E9AC /* ScheduleInfoView.swift */,
				4D18E1A92B4C5A0B00FB9F65 /* ScheduleLocationView.swift */,
				4DB180B52B51898A00C5E70B /* ScheduleWasteInfoView.swift */,
			);
			path = Schedules;
			sourceTree = "<group>";
		};
		4DDBBB222AB3592D0041E630 /* Quiz */ = {
			isa = PBXGroup;
			children = (
				4D61BE442A9CD39300B3A442 /* QuizView.swift */,
				4DB45DB22B1521400022C8AA /* QuestionView.swift */,
				4DB45DB72B17887B0022C8AA /* ScoreView.swift */,
				4DEE2F792B1A8C3800C50BAC /* DictionaryView.swift */,
			);
			path = Quiz;
			sourceTree = "<group>";
		};
		A6B45B1C7E00F3E50EE9F275 /* Pods */ = {
			isa = PBXGroup;
			children = (
				3FBC01297B3FE48726DC6D08 /* Pods-EcoRecycle.debug.xcconfig */,
				3BFA2551DCD64F7357B56657 /* Pods-EcoRecycle.release.xcconfig */,
			);
			path = Pods;
			sourceTree = "<group>";
		};
		DC29752BF948382D74B59A8C /* Frameworks */ = {
			isa = PBXGroup;
			children = (
				67E2B0417D89E3F83936B09B /* Pods_EcoRecycle.framework */,
			);
			name = Frameworks;
			sourceTree = "<group>";
		};
/* End PBXGroup section */

/* Begin PBXNativeTarget section */
		4D61BE182A9CC59600B3A442 /* EcoRecycle */ = {
			isa = PBXNativeTarget;
			buildConfigurationList = 4D61BE272A9CC59900B3A442 /* Build configuration list for PBXNativeTarget "EcoRecycle" */;
			buildPhases = (
				9147A02D6C5A3FE0C47F392E /* [CP] Check Pods Manifest.lock */,
				4D61BE152A9CC59600B3A442 /* Sources */,
				4D61BE162A9CC59600B3A442 /* Frameworks */,
				4D61BE172A9CC59600B3A442 /* Resources */,
				94FEFFE14A38E0F54EA05A06 /* [CP] Embed Pods Frameworks */,
			);
			buildRules = (
			);
			dependencies = (
			);
			name = EcoRecycle;
			packageProductDependencies = (
				4D45154A2AE9B52200E7A092 /* MailComposer */,
				4DAAB29A2B14F366009D4402 /* FirebaseAnalytics */,
				4DAAB29C2B14F366009D4402 /* FirebaseAnalyticsOnDeviceConversion */,
				4DAAB29E2B14F366009D4402 /* FirebaseAnalyticsSwift */,
				4DAAB2A02B14F366009D4402 /* FirebaseAnalyticsWithoutAdIdSupport */,
				4DAAB2A22B14F366009D4402 /* FirebaseAppCheck */,
				4DAAB2A42B14F366009D4402 /* FirebaseAppDistribution-Beta */,
				4DAAB2A62B14F366009D4402 /* FirebaseAuth */,
				4DAAB2A82B14F366009D4402 /* FirebaseAuthCombine-Community */,
				4DAAB2AA2B14F366009D4402 /* FirebaseCrashlytics */,
				4DAAB2AC2B14F366009D4402 /* FirebaseDatabase */,
				4DAAB2AE2B14F366009D4402 /* FirebaseDatabaseSwift */,
				4DAAB2B02B14F366009D4402 /* FirebaseDynamicLinks */,
				4DAAB2B22B14F366009D4402 /* FirebaseFirestore */,
				4DAAB2B42B14F366009D4402 /* FirebaseFirestoreCombine-Community */,
				4DAAB2B62B14F366009D4402 /* FirebaseFirestoreSwift */,
				4DAAB2B82B14F366009D4402 /* FirebaseFunctions */,
				4DAAB2BA2B14F366009D4402 /* FirebaseFunctionsCombine-Community */,
				4DAAB2BC2B14F366009D4402 /* FirebaseInAppMessaging-Beta */,
				4DAAB2BE2B14F366009D4402 /* FirebaseInAppMessagingSwift-Beta */,
				4DAAB2C02B14F366009D4402 /* FirebaseInstallations */,
				4DAAB2C22B14F366009D4402 /* FirebaseMLModelDownloader */,
				4DAAB2C42B14F366009D4402 /* FirebaseMessaging */,
				4DAAB2C62B14F366009D4402 /* FirebasePerformance */,
				4DAAB2C82B14F366009D4402 /* FirebaseRemoteConfig */,
				4DAAB2CA2B14F366009D4402 /* FirebaseRemoteConfigSwift */,
				4DAAB2CC2B14F366009D4402 /* FirebaseStorage */,
				4DAAB2CE2B14F366009D4402 /* FirebaseStorageCombine-Community */,
				4D66051E2B46C94C00C5E9AC /* SwiftDate */,
			);
			productName = EcoRecycle;
			productReference = 4D61BE192A9CC59600B3A442 /* EcoRecycle.app */;
			productType = "com.apple.product-type.application";
		};
/* End PBXNativeTarget section */

/* Begin PBXProject section */
		4D61BE112A9CC59600B3A442 /* Project object */ = {
			isa = PBXProject;
			attributes = {
				BuildIndependentTargetsInParallel = 1;
				LastSwiftUpdateCheck = 1430;
				LastUpgradeCheck = 1500;
				TargetAttributes = {
					4D61BE182A9CC59600B3A442 = {
						CreatedOnToolsVersion = 14.3.1;
					};
				};
			};
			buildConfigurationList = 4D61BE142A9CC59600B3A442 /* Build configuration list for PBXProject "EcoRecycle" */;
			compatibilityVersion = "Xcode 14.0";
			developmentRegion = en;
			hasScannedForEncodings = 0;
			knownRegions = (
				en,
				Base,
			);
			mainGroup = 4D61BE102A9CC59600B3A442;
			packageReferences = (
				4D4515492AE9B52200E7A092 /* XCLocalSwiftPackageReference "Dependencies/MailComposer" */,
				4DAAB2992B14F366009D4402 /* XCRemoteSwiftPackageReference "firebase-ios-sdk" */,
				4D66051D2B46C94C00C5E9AC /* XCRemoteSwiftPackageReference "SwiftDate" */,
			);
			productRefGroup = 4D61BE1A2A9CC59600B3A442 /* Products */;
			projectDirPath = "";
			projectRoot = "";
			targets = (
				4D61BE182A9CC59600B3A442 /* EcoRecycle */,
			);
		};
/* End PBXProject section */

/* Begin PBXResourcesBuildPhase section */
		4D61BE172A9CC59600B3A442 /* Resources */ = {
			isa = PBXResourcesBuildPhase;
			buildActionMask = 2147483647;
			files = (
				4D61BE212A9CC59900B3A442 /* Assets.xcassets in Resources */,
				4DAAB2982B14EA7C009D4402 /* GoogleService-Info.plist in Resources */,
				4DF5DD3E2B0260E8000D1F01 /* PSZOK_Locations.json in Resources */,
				4DF765C92B3CACDD00C16FE6 /* LaunchScreen.storyboard in Resources */,
				4D61BE322A9CC85900B3A442 /* DeviceModels.json in Resources */,
				4DF811CE2B3072B900D41448 /* ScheduleData.json in Resources */,
			);
			runOnlyForDeploymentPostprocessing = 0;
		};
/* End PBXResourcesBuildPhase section */

/* Begin PBXShellScriptBuildPhase section */
		9147A02D6C5A3FE0C47F392E /* [CP] Check Pods Manifest.lock */ = {
			isa = PBXShellScriptBuildPhase;
			buildActionMask = 2147483647;
			files = (
			);
			inputFileListPaths = (
			);
			inputPaths = (
				"${PODS_PODFILE_DIR_PATH}/Podfile.lock",
				"${PODS_ROOT}/Manifest.lock",
			);
			name = "[CP] Check Pods Manifest.lock";
			outputFileListPaths = (
			);
			outputPaths = (
				"$(DERIVED_FILE_DIR)/Pods-EcoRecycle-checkManifestLockResult.txt",
			);
			runOnlyForDeploymentPostprocessing = 0;
			shellPath = /bin/sh;
			shellScript = "diff \"${PODS_PODFILE_DIR_PATH}/Podfile.lock\" \"${PODS_ROOT}/Manifest.lock\" > /dev/null\nif [ $? != 0 ] ; then\n    # print error to STDERR\n    echo \"error: The sandbox is not in sync with the Podfile.lock. Run 'pod install' or update your CocoaPods installation.\" >&2\n    exit 1\nfi\n# This output is used by Xcode 'outputs' to avoid re-running this script phase.\necho \"SUCCESS\" > \"${SCRIPT_OUTPUT_FILE_0}\"\n";
			showEnvVarsInLog = 0;
		};
		94FEFFE14A38E0F54EA05A06 /* [CP] Embed Pods Frameworks */ = {
			isa = PBXShellScriptBuildPhase;
			buildActionMask = 2147483647;
			files = (
			);
			inputFileListPaths = (
				"${PODS_ROOT}/Target Support Files/Pods-EcoRecycle/Pods-EcoRecycle-frameworks-${CONFIGURATION}-input-files.xcfilelist",
			);
			name = "[CP] Embed Pods Frameworks";
			outputFileListPaths = (
				"${PODS_ROOT}/Target Support Files/Pods-EcoRecycle/Pods-EcoRecycle-frameworks-${CONFIGURATION}-output-files.xcfilelist",
			);
			runOnlyForDeploymentPostprocessing = 0;
			shellPath = /bin/sh;
			shellScript = "\"${PODS_ROOT}/Target Support Files/Pods-EcoRecycle/Pods-EcoRecycle-frameworks.sh\"\n";
			showEnvVarsInLog = 0;
		};
/* End PBXShellScriptBuildPhase section */

/* Begin PBXSourcesBuildPhase section */
		4D61BE152A9CC59600B3A442 /* Sources */ = {
			isa = PBXSourcesBuildPhase;
			buildActionMask = 2147483647;
			files = (
				4D66051C2B46C76B00C5E9AC /* ScheduleInfoView.swift in Sources */,
				4DCDDFB12B0FCA6400255FDD /* LocationSearchView.swift in Sources */,
				4D18E1A82B4C4FE200FB9F65 /* RectangleButtonView.swift in Sources */,
				4DB45DB82B17887B0022C8AA /* ScoreView.swift in Sources */,
				4D61BE302A9CC82000B3A442 /* Bundle+Extensions.swift in Sources */,
				4D61BE472A9CD3A400B3A442 /* MapView.swift in Sources */,
				4DAAB2D12B14F452009D4402 /* Info.swift in Sources */,
				4DF5DD3A2B025EEA000D1F01 /* Location.swift in Sources */,
				4DAAB2D52B151456009D4402 /* Text+Extensions.swift in Sources */,
				4DAAB2D32B14F4AD009D4402 /* Question.swift in Sources */,
				4D61BE382A9CC89500B3A442 /* Array+Extensions.swift in Sources */,
				4DA949F22AF1333B00DDC5FD /* RatingView.swift in Sources */,
				4D61BE492A9CD3B300B3A442 /* NotificationView.swift in Sources */,
				4DB45DB32B1521400022C8AA /* QuestionView.swift in Sources */,
				4D61BE452A9CD39300B3A442 /* QuizView.swift in Sources */,
				4DB180B62B51898A00C5E70B /* ScheduleWasteInfoView.swift in Sources */,
				4D61BE362A9CC88500B3A442 /* JSONDecoder+Extensions.swift in Sources */,
				4D61BE412A9CD27A00B3A442 /* SettingsView.swift in Sources */,
				4D6850D32B0D761A00A2BEA9 /* LocationInfoView.swift in Sources */,
				4DEE2F7A2B1A8C3800C50BAC /* DictionaryView.swift in Sources */,
				4D61BE3A2A9CC8CA00B3A442 /* Dictionary+Extensions.swift in Sources */,
				4D2AC92A2ACC4C2E0033CAB2 /* TermsAndConditionsView.swift in Sources */,
				4DB45DB62B1542090022C8AA /* CustomButton.swift in Sources */,
				4DFA6C382B1951A700C7F9F9 /* HapticManager.swift in Sources */,
				4D61BE432A9CD37C00B3A442 /* ScheduleView.swift in Sources */,
				4D18E1AA2B4C5A0B00FB9F65 /* ScheduleLocationView.swift in Sources */,
				4D61BE342A9CC87500B3A442 /* UIDevice+Extensions.swift in Sources */,
				4D61BE3F2A9CD1A200B3A442 /* FileManager+Extensions.swift in Sources */,
				4D6605182B46BEC400C5E9AC /* CircleButtonView.swift in Sources */,
				4DE9352A2B2B43850062277E /* ScheduleViewModel.swift in Sources */,
				4DCCDFEC2AC730C7009EE803 /* PrivacyPolicyView.swift in Sources */,
				4DEE2F762B1A8BA600C50BAC /* Trash.swift in Sources */,
				4D607A6F2B34E35F00FA1183 /* ScheduleRow.swift in Sources */,
				4DCA29762B4F0414006D537A /* CustomBackButtonView.swift in Sources */,
				4DF5DD3C2B025F1C000D1F01 /* MapsViewModel.swift in Sources */,
				4D61BE1F2A9CC59600B3A442 /* MainView.swift in Sources */,
				4D079C5A2AF924B200266417 /* NotificationManager.swift in Sources */,
				4D1B4B202ABC9EAF008C3A6B /* SettingsLabelView.swift in Sources */,
				4DE935282B2B43770062277E /* Schedule.swift in Sources */,
				4D61BE1D2A9CC59600B3A442 /* EcoRecycleApp.swift in Sources */,
				4D66051A2B46C28C00C5E9AC /* Color+Extensions.swift in Sources */,
				4D6850CF2B0D36F000A2BEA9 /* LocationPreviewView.swift in Sources */,
				4DB180B82B5189DC00C5E70B /* WasteInfo.swift in Sources */,
				4D6850D12B0D55C300A2BEA9 /* LocationMarkerView.swift in Sources */,
				4DDBBB252AB35EB50041E630 /* SettingsViewModel.swift in Sources */,
				4D85BA892B1420D00092E2D5 /* QuizViewModel.swift in Sources */,
			);
			runOnlyForDeploymentPostprocessing = 0;
		};
/* End PBXSourcesBuildPhase section */

/* Begin XCBuildConfiguration section */
		4D61BE252A9CC59900B3A442 /* Debug */ = {
			isa = XCBuildConfiguration;
			buildSettings = {
				ALWAYS_SEARCH_USER_PATHS = NO;
				ASSETCATALOG_COMPILER_GENERATE_SWIFT_ASSET_SYMBOL_EXTENSIONS = YES;
				CLANG_ANALYZER_NONNULL = YES;
				CLANG_ANALYZER_NUMBER_OBJECT_CONVERSION = YES_AGGRESSIVE;
				CLANG_CXX_LANGUAGE_STANDARD = "gnu++20";
				CLANG_ENABLE_MODULES = YES;
				CLANG_ENABLE_OBJC_ARC = YES;
				CLANG_ENABLE_OBJC_WEAK = YES;
				CLANG_WARN_BLOCK_CAPTURE_AUTORELEASING = YES;
				CLANG_WARN_BOOL_CONVERSION = YES;
				CLANG_WARN_COMMA = YES;
				CLANG_WARN_CONSTANT_CONVERSION = YES;
				CLANG_WARN_DEPRECATED_OBJC_IMPLEMENTATIONS = YES;
				CLANG_WARN_DIRECT_OBJC_ISA_USAGE = YES_ERROR;
				CLANG_WARN_DOCUMENTATION_COMMENTS = YES;
				CLANG_WARN_EMPTY_BODY = YES;
				CLANG_WARN_ENUM_CONVERSION = YES;
				CLANG_WARN_INFINITE_RECURSION = YES;
				CLANG_WARN_INT_CONVERSION = YES;
				CLANG_WARN_NON_LITERAL_NULL_CONVERSION = YES;
				CLANG_WARN_OBJC_IMPLICIT_RETAIN_SELF = YES;
				CLANG_WARN_OBJC_LITERAL_CONVERSION = YES;
				CLANG_WARN_OBJC_ROOT_CLASS = YES_ERROR;
				CLANG_WARN_QUOTED_INCLUDE_IN_FRAMEWORK_HEADER = YES;
				CLANG_WARN_RANGE_LOOP_ANALYSIS = YES;
				CLANG_WARN_STRICT_PROTOTYPES = YES;
				CLANG_WARN_SUSPICIOUS_MOVE = YES;
				CLANG_WARN_UNGUARDED_AVAILABILITY = YES_AGGRESSIVE;
				CLANG_WARN_UNREACHABLE_CODE = YES;
				CLANG_WARN__DUPLICATE_METHOD_MATCH = YES;
				COPY_PHASE_STRIP = NO;
				DEBUG_INFORMATION_FORMAT = dwarf;
				ENABLE_STRICT_OBJC_MSGSEND = YES;
				ENABLE_TESTABILITY = YES;
				ENABLE_USER_SCRIPT_SANDBOXING = NO;
				GCC_C_LANGUAGE_STANDARD = gnu11;
				GCC_DYNAMIC_NO_PIC = NO;
				GCC_NO_COMMON_BLOCKS = YES;
				GCC_OPTIMIZATION_LEVEL = 0;
				GCC_PREPROCESSOR_DEFINITIONS = (
					"DEBUG=1",
					"$(inherited)",
				);
				GCC_WARN_64_TO_32_BIT_CONVERSION = YES;
				GCC_WARN_ABOUT_RETURN_TYPE = YES_ERROR;
				GCC_WARN_UNDECLARED_SELECTOR = YES;
				GCC_WARN_UNINITIALIZED_AUTOS = YES_AGGRESSIVE;
				GCC_WARN_UNUSED_FUNCTION = YES;
				GCC_WARN_UNUSED_VARIABLE = YES;
				IPHONEOS_DEPLOYMENT_TARGET = 16.0;
				MTL_ENABLE_DEBUG_INFO = INCLUDE_SOURCE;
				MTL_FAST_MATH = YES;
				ONLY_ACTIVE_ARCH = YES;
				SDKROOT = iphoneos;
				SWIFT_ACTIVE_COMPILATION_CONDITIONS = DEBUG;
				SWIFT_OPTIMIZATION_LEVEL = "-Onone";
			};
			name = Debug;
		};
		4D61BE262A9CC59900B3A442 /* Release */ = {
			isa = XCBuildConfiguration;
			buildSettings = {
				ALWAYS_SEARCH_USER_PATHS = NO;
				ASSETCATALOG_COMPILER_GENERATE_SWIFT_ASSET_SYMBOL_EXTENSIONS = YES;
				CLANG_ANALYZER_NONNULL = YES;
				CLANG_ANALYZER_NUMBER_OBJECT_CONVERSION = YES_AGGRESSIVE;
				CLANG_CXX_LANGUAGE_STANDARD = "gnu++20";
				CLANG_ENABLE_MODULES = YES;
				CLANG_ENABLE_OBJC_ARC = YES;
				CLANG_ENABLE_OBJC_WEAK = YES;
				CLANG_WARN_BLOCK_CAPTURE_AUTORELEASING = YES;
				CLANG_WARN_BOOL_CONVERSION = YES;
				CLANG_WARN_COMMA = YES;
				CLANG_WARN_CONSTANT_CONVERSION = YES;
				CLANG_WARN_DEPRECATED_OBJC_IMPLEMENTATIONS = YES;
				CLANG_WARN_DIRECT_OBJC_ISA_USAGE = YES_ERROR;
				CLANG_WARN_DOCUMENTATION_COMMENTS = YES;
				CLANG_WARN_EMPTY_BODY = YES;
				CLANG_WARN_ENUM_CONVERSION = YES;
				CLANG_WARN_INFINITE_RECURSION = YES;
				CLANG_WARN_INT_CONVERSION = YES;
				CLANG_WARN_NON_LITERAL_NULL_CONVERSION = YES;
				CLANG_WARN_OBJC_IMPLICIT_RETAIN_SELF = YES;
				CLANG_WARN_OBJC_LITERAL_CONVERSION = YES;
				CLANG_WARN_OBJC_ROOT_CLASS = YES_ERROR;
				CLANG_WARN_QUOTED_INCLUDE_IN_FRAMEWORK_HEADER = YES;
				CLANG_WARN_RANGE_LOOP_ANALYSIS = YES;
				CLANG_WARN_STRICT_PROTOTYPES = YES;
				CLANG_WARN_SUSPICIOUS_MOVE = YES;
				CLANG_WARN_UNGUARDED_AVAILABILITY = YES_AGGRESSIVE;
				CLANG_WARN_UNREACHABLE_CODE = YES;
				CLANG_WARN__DUPLICATE_METHOD_MATCH = YES;
				COPY_PHASE_STRIP = NO;
				DEBUG_INFORMATION_FORMAT = "dwarf-with-dsym";
				ENABLE_NS_ASSERTIONS = NO;
				ENABLE_STRICT_OBJC_MSGSEND = YES;
				ENABLE_USER_SCRIPT_SANDBOXING = NO;
				GCC_C_LANGUAGE_STANDARD = gnu11;
				GCC_NO_COMMON_BLOCKS = YES;
				GCC_WARN_64_TO_32_BIT_CONVERSION = YES;
				GCC_WARN_ABOUT_RETURN_TYPE = YES_ERROR;
				GCC_WARN_UNDECLARED_SELECTOR = YES;
				GCC_WARN_UNINITIALIZED_AUTOS = YES_AGGRESSIVE;
				GCC_WARN_UNUSED_FUNCTION = YES;
				GCC_WARN_UNUSED_VARIABLE = YES;
				IPHONEOS_DEPLOYMENT_TARGET = 16.0;
				MTL_ENABLE_DEBUG_INFO = NO;
				MTL_FAST_MATH = YES;
				SDKROOT = iphoneos;
				SWIFT_COMPILATION_MODE = wholemodule;
				SWIFT_OPTIMIZATION_LEVEL = "-O";
				VALIDATE_PRODUCT = YES;
			};
			name = Release;
		};
		4D61BE282A9CC59900B3A442 /* Debug */ = {
			isa = XCBuildConfiguration;
			baseConfigurationReference = 3FBC01297B3FE48726DC6D08 /* Pods-EcoRecycle.debug.xcconfig */;
			buildSettings = {
				ASSETCATALOG_COMPILER_GLOBAL_ACCENT_COLOR_NAME = AccentColor;
				ASSETCATALOG_COMPILER_INCLUDE_ALL_APPICON_ASSETS = YES;
				CODE_SIGN_STYLE = Automatic;
				CURRENT_PROJECT_VERSION = 1;
				DEVELOPMENT_ASSET_PATHS = "\"EcoRecycle/Preview Content\"";
				DEVELOPMENT_TEAM = X8TQRRHQT7;
				ENABLE_PREVIEWS = YES;
				GENERATE_INFOPLIST_FILE = YES;
				INFOPLIST_KEY_CFBundleDisplayName = EcoRecycle;
				INFOPLIST_KEY_LSApplicationCategoryType = "public.app-category.education";
				INFOPLIST_KEY_NSLocationWhenInUseUsageDescription = "Aplikacja potrzebuje twojej lokalizacji w celu pokazania jej na mapie.";
				INFOPLIST_KEY_UIApplicationSceneManifest_Generation = YES;
				INFOPLIST_KEY_UIApplicationSupportsIndirectInputEvents = YES;
				INFOPLIST_KEY_UILaunchStoryboardName = LaunchScreen.storyboard;
				INFOPLIST_KEY_UISupportedInterfaceOrientations = UIInterfaceOrientationPortrait;
				INFOPLIST_KEY_UISupportedInterfaceOrientations_iPad = "UIInterfaceOrientationLandscapeLeft UIInterfaceOrientationLandscapeRight UIInterfaceOrientationPortrait";
				IPHONEOS_DEPLOYMENT_TARGET = 16.0;
				LD_RUNPATH_SEARCH_PATHS = (
					"$(inherited)",
					"@executable_path/Frameworks",
				);
				MARKETING_VERSION = 1.0;
				PRODUCT_BUNDLE_IDENTIFIER = MR.EcoRecycle;
				PRODUCT_NAME = "$(TARGET_NAME)";
				SUPPORTED_PLATFORMS = "iphoneos iphonesimulator";
				SUPPORTS_MACCATALYST = NO;
				SUPPORTS_MAC_DESIGNED_FOR_IPHONE_IPAD = NO;
				SWIFT_EMIT_LOC_STRINGS = YES;
				SWIFT_VERSION = 5.0;
				TARGETED_DEVICE_FAMILY = "1,2";
			};
			name = Debug;
		};
		4D61BE292A9CC59900B3A442 /* Release */ = {
			isa = XCBuildConfiguration;
			baseConfigurationReference = 3BFA2551DCD64F7357B56657 /* Pods-EcoRecycle.release.xcconfig */;
			buildSettings = {
				ASSETCATALOG_COMPILER_GLOBAL_ACCENT_COLOR_NAME = AccentColor;
				ASSETCATALOG_COMPILER_INCLUDE_ALL_APPICON_ASSETS = YES;
				CODE_SIGN_STYLE = Automatic;
				CURRENT_PROJECT_VERSION = 1;
				DEVELOPMENT_ASSET_PATHS = "\"EcoRecycle/Preview Content\"";
				DEVELOPMENT_TEAM = X8TQRRHQT7;
				ENABLE_PREVIEWS = YES;
				GENERATE_INFOPLIST_FILE = YES;
				INFOPLIST_KEY_CFBundleDisplayName = EcoRecycle;
				INFOPLIST_KEY_LSApplicationCategoryType = "public.app-category.education";
				INFOPLIST_KEY_NSLocationWhenInUseUsageDescription = "Aplikacja potrzebuje twojej lokalizacji w celu pokazania jej na mapie.";
				INFOPLIST_KEY_UIApplicationSceneManifest_Generation = YES;
				INFOPLIST_KEY_UIApplicationSupportsIndirectInputEvents = YES;
				INFOPLIST_KEY_UILaunchStoryboardName = LaunchScreen.storyboard;
				INFOPLIST_KEY_UISupportedInterfaceOrientations = UIInterfaceOrientationPortrait;
				INFOPLIST_KEY_UISupportedInterfaceOrientations_iPad = "UIInterfaceOrientationLandscapeLeft UIInterfaceOrientationLandscapeRight UIInterfaceOrientationPortrait";
				IPHONEOS_DEPLOYMENT_TARGET = 16.0;
				LD_RUNPATH_SEARCH_PATHS = (
					"$(inherited)",
					"@executable_path/Frameworks",
				);
				MARKETING_VERSION = 1.0;
				PRODUCT_BUNDLE_IDENTIFIER = MR.EcoRecycle;
				PRODUCT_NAME = "$(TARGET_NAME)";
				SUPPORTED_PLATFORMS = "iphoneos iphonesimulator";
				SUPPORTS_MACCATALYST = NO;
				SUPPORTS_MAC_DESIGNED_FOR_IPHONE_IPAD = NO;
				SWIFT_EMIT_LOC_STRINGS = YES;
				SWIFT_VERSION = 5.0;
				TARGETED_DEVICE_FAMILY = "1,2";
			};
			name = Release;
		};
/* End XCBuildConfiguration section */

/* Begin XCConfigurationList section */
		4D61BE142A9CC59600B3A442 /* Build configuration list for PBXProject "EcoRecycle" */ = {
			isa = XCConfigurationList;
			buildConfigurations = (
				4D61BE252A9CC59900B3A442 /* Debug */,
				4D61BE262A9CC59900B3A442 /* Release */,
			);
			defaultConfigurationIsVisible = 0;
			defaultConfigurationName = Release;
		};
		4D61BE272A9CC59900B3A442 /* Build configuration list for PBXNativeTarget "EcoRecycle" */ = {
			isa = XCConfigurationList;
			buildConfigurations = (
				4D61BE282A9CC59900B3A442 /* Debug */,
				4D61BE292A9CC59900B3A442 /* Release */,
			);
			defaultConfigurationIsVisible = 0;
			defaultConfigurationName = Release;
		};
/* End XCConfigurationList section */

/* Begin XCLocalSwiftPackageReference section */
		4D4515492AE9B52200E7A092 /* XCLocalSwiftPackageReference "Dependencies/MailComposer" */ = {
			isa = XCLocalSwiftPackageReference;
			relativePath = Dependencies/MailComposer;
		};
/* End XCLocalSwiftPackageReference section */

/* Begin XCRemoteSwiftPackageReference section */
		4D66051D2B46C94C00C5E9AC /* XCRemoteSwiftPackageReference "SwiftDate" */ = {
			isa = XCRemoteSwiftPackageReference;
			repositoryURL = "https://github.com/malcommac/SwiftDate.git";
			requirement = {
				kind = upToNextMajorVersion;
				minimumVersion = 7.0.0;
			};
		};
		4DAAB2992B14F366009D4402 /* XCRemoteSwiftPackageReference "firebase-ios-sdk" */ = {
			isa = XCRemoteSwiftPackageReference;
			repositoryURL = "https://github.com/firebase/firebase-ios-sdk.git";
			requirement = {
				kind = upToNextMajorVersion;
				minimumVersion = 10.18.0;
			};
		};
/* End XCRemoteSwiftPackageReference section */

/* Begin XCSwiftPackageProductDependency section */
		4D45154A2AE9B52200E7A092 /* MailComposer */ = {
			isa = XCSwiftPackageProductDependency;
			productName = MailComposer;
		};
		4D66051E2B46C94C00C5E9AC /* SwiftDate */ = {
			isa = XCSwiftPackageProductDependency;
			package = 4D66051D2B46C94C00C5E9AC /* XCRemoteSwiftPackageReference "SwiftDate" */;
			productName = SwiftDate;
		};
		4DAAB29A2B14F366009D4402 /* FirebaseAnalytics */ = {
			isa = XCSwiftPackageProductDependency;
			package = 4DAAB2992B14F366009D4402 /* XCRemoteSwiftPackageReference "firebase-ios-sdk" */;
			productName = FirebaseAnalytics;
		};
		4DAAB29C2B14F366009D4402 /* FirebaseAnalyticsOnDeviceConversion */ = {
			isa = XCSwiftPackageProductDependency;
			package = 4DAAB2992B14F366009D4402 /* XCRemoteSwiftPackageReference "firebase-ios-sdk" */;
			productName = FirebaseAnalyticsOnDeviceConversion;
		};
		4DAAB29E2B14F366009D4402 /* FirebaseAnalyticsSwift */ = {
			isa = XCSwiftPackageProductDependency;
			package = 4DAAB2992B14F366009D4402 /* XCRemoteSwiftPackageReference "firebase-ios-sdk" */;
			productName = FirebaseAnalyticsSwift;
		};
		4DAAB2A02B14F366009D4402 /* FirebaseAnalyticsWithoutAdIdSupport */ = {
			isa = XCSwiftPackageProductDependency;
			package = 4DAAB2992B14F366009D4402 /* XCRemoteSwiftPackageReference "firebase-ios-sdk" */;
			productName = FirebaseAnalyticsWithoutAdIdSupport;
		};
		4DAAB2A22B14F366009D4402 /* FirebaseAppCheck */ = {
			isa = XCSwiftPackageProductDependency;
			package = 4DAAB2992B14F366009D4402 /* XCRemoteSwiftPackageReference "firebase-ios-sdk" */;
			productName = FirebaseAppCheck;
		};
		4DAAB2A42B14F366009D4402 /* FirebaseAppDistribution-Beta */ = {
			isa = XCSwiftPackageProductDependency;
			package = 4DAAB2992B14F366009D4402 /* XCRemoteSwiftPackageReference "firebase-ios-sdk" */;
			productName = "FirebaseAppDistribution-Beta";
		};
		4DAAB2A62B14F366009D4402 /* FirebaseAuth */ = {
			isa = XCSwiftPackageProductDependency;
			package = 4DAAB2992B14F366009D4402 /* XCRemoteSwiftPackageReference "firebase-ios-sdk" */;
			productName = FirebaseAuth;
		};
		4DAAB2A82B14F366009D4402 /* FirebaseAuthCombine-Community */ = {
			isa = XCSwiftPackageProductDependency;
			package = 4DAAB2992B14F366009D4402 /* XCRemoteSwiftPackageReference "firebase-ios-sdk" */;
			productName = "FirebaseAuthCombine-Community";
		};
		4DAAB2AA2B14F366009D4402 /* FirebaseCrashlytics */ = {
			isa = XCSwiftPackageProductDependency;
			package = 4DAAB2992B14F366009D4402 /* XCRemoteSwiftPackageReference "firebase-ios-sdk" */;
			productName = FirebaseCrashlytics;
		};
		4DAAB2AC2B14F366009D4402 /* FirebaseDatabase */ = {
			isa = XCSwiftPackageProductDependency;
			package = 4DAAB2992B14F366009D4402 /* XCRemoteSwiftPackageReference "firebase-ios-sdk" */;
			productName = FirebaseDatabase;
		};
		4DAAB2AE2B14F366009D4402 /* FirebaseDatabaseSwift */ = {
			isa = XCSwiftPackageProductDependency;
			package = 4DAAB2992B14F366009D4402 /* XCRemoteSwiftPackageReference "firebase-ios-sdk" */;
			productName = FirebaseDatabaseSwift;
		};
		4DAAB2B02B14F366009D4402 /* FirebaseDynamicLinks */ = {
			isa = XCSwiftPackageProductDependency;
			package = 4DAAB2992B14F366009D4402 /* XCRemoteSwiftPackageReference "firebase-ios-sdk" */;
			productName = FirebaseDynamicLinks;
		};
		4DAAB2B22B14F366009D4402 /* FirebaseFirestore */ = {
			isa = XCSwiftPackageProductDependency;
			package = 4DAAB2992B14F366009D4402 /* XCRemoteSwiftPackageReference "firebase-ios-sdk" */;
			productName = FirebaseFirestore;
		};
		4DAAB2B42B14F366009D4402 /* FirebaseFirestoreCombine-Community */ = {
			isa = XCSwiftPackageProductDependency;
			package = 4DAAB2992B14F366009D4402 /* XCRemoteSwiftPackageReference "firebase-ios-sdk" */;
			productName = "FirebaseFirestoreCombine-Community";
		};
		4DAAB2B62B14F366009D4402 /* FirebaseFirestoreSwift */ = {
			isa = XCSwiftPackageProductDependency;
			package = 4DAAB2992B14F366009D4402 /* XCRemoteSwiftPackageReference "firebase-ios-sdk" */;
			productName = FirebaseFirestoreSwift;
		};
		4DAAB2B82B14F366009D4402 /* FirebaseFunctions */ = {
			isa = XCSwiftPackageProductDependency;
			package = 4DAAB2992B14F366009D4402 /* XCRemoteSwiftPackageReference "firebase-ios-sdk" */;
			productName = FirebaseFunctions;
		};
		4DAAB2BA2B14F366009D4402 /* FirebaseFunctionsCombine-Community */ = {
			isa = XCSwiftPackageProductDependency;
			package = 4DAAB2992B14F366009D4402 /* XCRemoteSwiftPackageReference "firebase-ios-sdk" */;
			productName = "FirebaseFunctionsCombine-Community";
		};
		4DAAB2BC2B14F366009D4402 /* FirebaseInAppMessaging-Beta */ = {
			isa = XCSwiftPackageProductDependency;
			package = 4DAAB2992B14F366009D4402 /* XCRemoteSwiftPackageReference "firebase-ios-sdk" */;
			productName = "FirebaseInAppMessaging-Beta";
		};
		4DAAB2BE2B14F366009D4402 /* FirebaseInAppMessagingSwift-Beta */ = {
			isa = XCSwiftPackageProductDependency;
			package = 4DAAB2992B14F366009D4402 /* XCRemoteSwiftPackageReference "firebase-ios-sdk" */;
			productName = "FirebaseInAppMessagingSwift-Beta";
		};
		4DAAB2C02B14F366009D4402 /* FirebaseInstallations */ = {
			isa = XCSwiftPackageProductDependency;
			package = 4DAAB2992B14F366009D4402 /* XCRemoteSwiftPackageReference "firebase-ios-sdk" */;
			productName = FirebaseInstallations;
		};
		4DAAB2C22B14F366009D4402 /* FirebaseMLModelDownloader */ = {
			isa = XCSwiftPackageProductDependency;
			package = 4DAAB2992B14F366009D4402 /* XCRemoteSwiftPackageReference "firebase-ios-sdk" */;
			productName = FirebaseMLModelDownloader;
		};
		4DAAB2C42B14F366009D4402 /* FirebaseMessaging */ = {
			isa = XCSwiftPackageProductDependency;
			package = 4DAAB2992B14F366009D4402 /* XCRemoteSwiftPackageReference "firebase-ios-sdk" */;
			productName = FirebaseMessaging;
		};
		4DAAB2C62B14F366009D4402 /* FirebasePerformance */ = {
			isa = XCSwiftPackageProductDependency;
			package = 4DAAB2992B14F366009D4402 /* XCRemoteSwiftPackageReference "firebase-ios-sdk" */;
			productName = FirebasePerformance;
		};
		4DAAB2C82B14F366009D4402 /* FirebaseRemoteConfig */ = {
			isa = XCSwiftPackageProductDependency;
			package = 4DAAB2992B14F366009D4402 /* XCRemoteSwiftPackageReference "firebase-ios-sdk" */;
			productName = FirebaseRemoteConfig;
		};
		4DAAB2CA2B14F366009D4402 /* FirebaseRemoteConfigSwift */ = {
			isa = XCSwiftPackageProductDependency;
			package = 4DAAB2992B14F366009D4402 /* XCRemoteSwiftPackageReference "firebase-ios-sdk" */;
			productName = FirebaseRemoteConfigSwift;
		};
		4DAAB2CC2B14F366009D4402 /* FirebaseStorage */ = {
			isa = XCSwiftPackageProductDependency;
			package = 4DAAB2992B14F366009D4402 /* XCRemoteSwiftPackageReference "firebase-ios-sdk" */;
			productName = FirebaseStorage;
		};
		4DAAB2CE2B14F366009D4402 /* FirebaseStorageCombine-Community */ = {
			isa = XCSwiftPackageProductDependency;
			package = 4DAAB2992B14F366009D4402 /* XCRemoteSwiftPackageReference "firebase-ios-sdk" */;
			productName = "FirebaseStorageCombine-Community";
		};
/* End XCSwiftPackageProductDependency section */
	};
	rootObject = 4D61BE112A9CC59600B3A442 /* Project object */;
}
